
Microsoft Visual Studio Solution File, Format Version 11.00
# Visual Studio 2010
Project("{FAE04EC0-301F-11D3-BF4B-00C04F79EFBC}") = "FictionBook.Library", "FictionBook.Library\FictionBook.Library.csproj", "{AAC29400-F9AB-4190-9BF0-1EDE36ED10A7}"
EndProject
Project("{FAE04EC0-301F-11D3-BF4B-00C04F79EFBC}") = "FictionBook.Tests", "FictionBook.Tests\FictionBook.Tests.csproj", "{619BDDBC-3E4A-4116-A4C5-C8722AA5F43E}"
EndProject
Project("{2150E333-8FDC-42A3-9474-1A3956D46DE8}") = "Solution Items", "Solution Items", "{00DDA2F1-972D-41BC-B76A-667448FA32A3}"
	ProjectSection(SolutionItems) = preProject
		FictionBook.vsmdi = FictionBook.vsmdi
		Local.testsettings = Local.testsettings
		TraceAndTestImpact.testsettings = TraceAndTestImpact.testsettings
	EndProjectSection
EndProject
Global
	GlobalSection(TestCaseManagementSettings) = postSolution
		CategoryFile = FictionBook.vsmdi
	EndGlobalSection
	GlobalSection(SolutionConfigurationPlatforms) = preSolution
		Debug|Any CPU = Debug|Any CPU
		Release|Any CPU = Release|Any CPU
	EndGlobalSection
	GlobalSection(ProjectConfigurationPlatforms) = postSolution
		{AAC29400-F9AB-4190-9BF0-1EDE36ED10A7}.Debug|Any CPU.ActiveCfg = Debug|Any CPU
		{AAC29400-F9AB-4190-9BF0-1EDE36ED10A7}.Debug|Any CPU.Build.0 = Debug|Any CPU
		{AAC29400-F9AB-4190-9BF0-1EDE36ED10A7}.Release|Any CPU.ActiveCfg = Release|Any CPU
		{AAC29400-F9AB-4190-9BF0-1EDE36ED10A7}.Release|Any CPU.Build.0 = Release|Any CPU
		{619BDDBC-3E4A-4116-A4C5-C8722AA5F43E}.Debug|Any CPU.ActiveCfg = Debug|Any CPU
		{619BDDBC-3E4A-4116-A4C5-C8722AA5F43E}.Debug|Any CPU.Build.0 = Debug|Any CPU
		{619BDDBC-3E4A-4116-A4C5-C8722AA5F43E}.Release|Any CPU.ActiveCfg = Release|Any CPU
		{619BDDBC-3E4A-4116-A4C5-C8722AA5F43E}.Release|Any CPU.Build.0 = Release|Any CPU
	EndGlobalSection
	GlobalSection(SolutionProperties) = preSolution
		HideSolutionNode = FALSE
	EndGlobalSection
EndGlobal
